
Microsoft Visual Studio Solution File, Format Version 12.00
# Visual Studio Version 17
VisualStudioVersion = 17.9.34607.119
MinimumVisualStudioVersion = 10.0.40219.1
Project("{9A19103F-16F7-4668-BE54-9A1E7A4F7556}") = "StreetFinder", "StreetFinder\StreetFinder.csproj", "{C82418FF-DE1B-4FFD-ABE5-A874943F5F8A}"
EndProject
Project("{FAE04EC0-301F-11D3-BF4B-00C04F79EFBC}") = "StreetsTests", "StreetsTests\StreetsTests.csproj", "{41EF0DAB-6CA3-4765-AF39-B5A8462B09E4}"
EndProject
Global
	GlobalSection(SolutionConfigurationPlatforms) = preSolution
		Debug|Any CPU = Debug|Any CPU
		Release|Any CPU = Release|Any CPU
	EndGlobalSection
	GlobalSection(ProjectConfigurationPlatforms) = postSolution
		{C82418FF-DE1B-4FFD-ABE5-A874943F5F8A}.Debug|Any CPU.ActiveCfg = Debug|Any CPU
		{C82418FF-DE1B-4FFD-ABE5-A874943F5F8A}.Debug|Any CPU.Build.0 = Debug|Any CPU
		{C82418FF-DE1B-4FFD-ABE5-A874943F5F8A}.Release|Any CPU.ActiveCfg = Release|Any CPU
		{C82418FF-DE1B-4FFD-ABE5-A874943F5F8A}.Release|Any CPU.Build.0 = Release|Any CPU
		{41EF0DAB-6CA3-4765-AF39-B5A8462B09E4}.Debug|Any CPU.ActiveCfg = Debug|Any CPU
		{41EF0DAB-6CA3-4765-AF39-B5A8462B09E4}.Debug|Any CPU.Build.0 = Debug|Any CPU
		{41EF0DAB-6CA3-4765-AF39-B5A8462B09E4}.Release|Any CPU.ActiveCfg = Release|Any CPU
		{41EF0DAB-6CA3-4765-AF39-B5A8462B09E4}.Release|Any CPU.Build.0 = Release|Any CPU
	EndGlobalSection
	GlobalSection(SolutionProperties) = preSolution
		HideSolutionNode = FALSE
	EndGlobalSection
	GlobalSection(ExtensibilityGlobals) = postSolution
		SolutionGuid = {2ABBADB9-C6BB-424B-AC88-473BE1198DDE}
	EndGlobalSection
EndGlobal
